Microsoft Visual Studio Solution File, Format Version 12.00
# Visual Studio Version 16
VisualStudioVersion = 16.0.31105.61
MinimumVisualStudioVersion = 10.0.40219.1
Project("{E24C65DC-7377-472B-9ABA-BC803B73C61A}") = "X-LIC", "X-LIC\", "{bfa55657-3e7f-4aa7-b2c6-cbe55b1baee5}"
	ProjectSection(WebsiteProperties) = preProject
		TargetFrameworkMoniker = ".NETFramework,Version%3Dv4.8"
		Debug.AspNetCompiler.VirtualPath = "/X-LIC"
		Debug.AspNetCompiler.PhysicalPath = "X-LIC\"
		Debug.AspNetCompiler.TargetPath = "PrecompiledWeb\X-LIC\"
		Debug.AspNetCompiler.Updateable = "true"
		Debug.AspNetCompiler.ForceOverwrite = "true"
		Debug.AspNetCompiler.FixedNames = "false"
		Debug.AspNetCompiler.Debug = "True"
		Release.AspNetCompiler.VirtualPath = "/X-LIC"
		Release.AspNetCompiler.PhysicalPath = "X-LIC\"
		Release.AspNetCompiler.TargetPath = "PrecompiledWeb\X-LIC\"
		Release.AspNetCompiler.Updateable = "true"
		Release.AspNetCompiler.ForceOverwrite = "true"
		Release.AspNetCompiler.FixedNames = "false"
		Release.AspNetCompiler.Debug = "False"
		VWDPort = "20283"
		DefaultWebSiteLanguage = "Visual C#"
		SlnRelativePath = "X-LIC\"
	EndProjectSection
EndProject
Global
	GlobalSection(SolutionConfigurationPlatforms) = preSolution
		Debug|Any CPU = Debug|Any CPU
		Release|Any CPU = Release|Any CPU
	EndGlobalSection
	GlobalSection(ProjectConfigurationPlatforms) = postSolution
		{bfa55657-3e7f-4aa7-b2c6-cbe55b1baee5}.Debug|Any CPU.ActiveCfg = Debug|Any CPU
		{bfa55657-3e7f-4aa7-b2c6-cbe55b1baee5}.Debug|Any CPU.Build.0 = Debug|Any CPU
		{bfa55657-3e7f-4aa7-b2c6-cbe55b1baee5}.Release|Any CPU.ActiveCfg = Debug|Any CPU
	EndGlobalSection
	GlobalSection(SolutionProperties) = preSolution
		HideSolutionNode = FALSE
	EndGlobalSection
	GlobalSection(ExtensibilityGlobals) = postSolution
		SolutionGuid = {2965d7e2-db7c-41c7-86f5-35f39ec1b02e}
	EndGlobalSection
EndGlobal
